# This file is automatically @generated by Cargo.
# It is not intended for manual editing.
version = 4

[[package]]
name = "eperica-application"
version = "0.1.0"
dependencies = [
 "eperica-domain",
]

[[package]]
name = "eperica-domain"
version = "0.1.0"

[[package]]
name = "eperica-infrastructure"
version = "0.1.0"
dependencies = [
 "eperica-application",
 "eperica-domain",
]

[[package]]
name = "eperica-web"
version = "0.1.0"
dependencies = [
 "eperica-application",
 "eperica-infrastructure",
]
